
Microsoft Visual Studio Solution File, Format Version 12.00
# Visual Studio Version 17
VisualStudioVersion = 17.1.32414.318
MinimumVisualStudioVersion = 10.0.40219.1
Project("{2150E333-8FDC-42A3-9474-1A3956D46DE8}") = "Services", "Services", "{1D6CD82F-8F3F-441C-82B5-ACEA363FC23E}"
EndProject
Project("{2150E333-8FDC-42A3-9474-1A3956D46DE8}") = "Catalog", "Catalog", "{84288727-F62A-4CD3-B32C-C68E6E7BF418}"
EndProject
Project("{FAE04EC0-301F-11D3-BF4B-00C04F79EFBC}") = "Catalog.API", "Services\Catalog\Catalog.API\Catalog.API\Catalog.API.csproj", "{4345E8FC-7A8F-4A1E-851B-00552E07884D}"
EndProject
Global
	GlobalSection(SolutionConfigurationPlatforms) = preSolution
		Debug|Any CPU = Debug|Any CPU
		Release|Any CPU = Release|Any CPU
	EndGlobalSection
	GlobalSection(ProjectConfigurationPlatforms) = postSolution
		{4345E8FC-7A8F-4A1E-851B-00552E07884D}.Debug|Any CPU.ActiveCfg = Debug|Any CPU
		{4345E8FC-7A8F-4A1E-851B-00552E07884D}.Debug|Any CPU.Build.0 = Debug|Any CPU
		{4345E8FC-7A8F-4A1E-851B-00552E07884D}.Release|Any CPU.ActiveCfg = Release|Any CPU
		{4345E8FC-7A8F-4A1E-851B-00552E07884D}.Release|Any CPU.Build.0 = Release|Any CPU
	EndGlobalSection
	GlobalSection(SolutionProperties) = preSolution
		HideSolutionNode = FALSE
	EndGlobalSection
	GlobalSection(NestedProjects) = preSolution
		{84288727-F62A-4CD3-B32C-C68E6E7BF418} = {1D6CD82F-8F3F-441C-82B5-ACEA363FC23E}
		{4345E8FC-7A8F-4A1E-851B-00552E07884D} = {84288727-F62A-4CD3-B32C-C68E6E7BF418}
	EndGlobalSection
	GlobalSection(ExtensibilityGlobals) = postSolution
		SolutionGuid = {751D24CB-428D-46B7-9F67-1C7ABB27CA2E}
	EndGlobalSection
EndGlobal
